
Microsoft Visual Studio Solution File, Format Version 12.00
# Visual Studio Version 17
VisualStudioVersion = 17.1.32328.378
MinimumVisualStudioVersion = 10.0.40219.1
Project("{FAE04EC0-301F-11D3-BF4B-00C04F79EFBC}") = "TestProject5", "TestProject5\TestProject5.csproj", "{86ACDA61-D79F-4A3C-BE27-6AA9EC9B0C9B}"
EndProject
Global
	GlobalSection(SolutionConfigurationPlatforms) = preSolution
		Debug|Any CPU = Debug|Any CPU
		Release|Any CPU = Release|Any CPU
	EndGlobalSection
	GlobalSection(ProjectConfigurationPlatforms) = postSolution
		{86ACDA61-D79F-4A3C-BE27-6AA9EC9B0C9B}.Debug|Any CPU.ActiveCfg = Debug|Any CPU
		{86ACDA61-D79F-4A3C-BE27-6AA9EC9B0C9B}.Debug|Any CPU.Build.0 = Debug|Any CPU
		{86ACDA61-D79F-4A3C-BE27-6AA9EC9B0C9B}.Release|Any CPU.ActiveCfg = Release|Any CPU
		{86ACDA61-D79F-4A3C-BE27-6AA9EC9B0C9B}.Release|Any CPU.Build.0 = Release|Any CPU
	EndGlobalSection
	GlobalSection(SolutionProperties) = preSolution
		HideSolutionNode = FALSE
	EndGlobalSection
	GlobalSection(ExtensibilityGlobals) = postSolution
		SolutionGuid = {4B5AD9CD-8C92-4ABD-BF85-549C212FCFD9}
	EndGlobalSection
EndGlobal
